github.com/kr/pretty v0.1.0 h1:L/CwN0zerZDmRFUapSPitk6f+Q3+0za1rQkzVuMiMFI=
github.com/kr/pretty v0.1.0/go.mod h1:dAy3ld7l9f0ibDNOQOHHMYYIIbhfbHSm3C4ZsoJORNo=
github.com/kr/pty v1.1.1/go.mod h1:pFQYn66WHrOpPYNljwOMqo10TkYh1fy3cYio2l3bCsQ=
github.com/kr/pty v1.1.4/go.mod h1:pFQYn66WHrOpPYNljwOMqo10TkYh1fy3cYio2l3bCsQ=
github.com/kr/text v0.1.0 h1:45sCR5RtlFHMR4UwH9sdQ5TC8v0qDQCHnXt+kaKSTVE=
github.com/kr/text v0.1.0/go.mod h1:4Jbv+DJW3UT/LiOwJeYQe1efqtUx/iVham/4vfdArNI=
github.com/payfazz/go-middleware v0.0.0-20190324083140-9931d8c2ca01 h1:pZVbGNkOLHSmYbUkxGa1Y5NQDQh/m7cjc7v9bnv+EzA=
github.com/payfazz/go-middleware v0.0.0-20190324083140-9931d8c2ca01/go.mod h1:pGgGdE8OMjA0auJIXfMtJxSdiix2m8uA9P/fbGGwosE=
github.com/payfazz/go-middleware v0.0.0-20191007165527-547f3e217db9 h1:l+KJA9HIEsMKI8nVScDa2gOnp0ntkDbU8YldVa1ahcw=
github.com/payfazz/go-middleware v0.0.0-20191007165527-547f3e217db9/go.mod h1:pGgGdE8OMjA0auJIXfMtJxSdiix2m8uA9P/fbGGwosE=
github.com/payfazz/go-router v0.0.0-20190319225834-51cc7c559a0f h1:zTHERrVUFCjPvYq49sH7g6LS3BuNyrPrH6wkKYzTeXE=
github.com/payfazz/go-router v0.0.0-20190319225834-51cc7c559a0f/go.mod h1:J1cAkrGlJ9w8+M7vx/MiylOqP6aVBpPkgwNf1RKEL9Y=
github.com/payfazz/go-router v0.0.0-20190720102111-42516499ed6e h1:Hco9uMA0cs8Zca0qbgEF6gQQ6B/keYepjMRL6Q4Cq68=
github.com/payfazz/go-router v0.0.0-20190720102111-42516499ed6e/go.mod h1:J1cAkrGlJ9w8+M7vx/MiylOqP6aVBpPkgwNf1RKEL9Y=
gopkg.in/check.v1 v0.0.0-20161208181325-20d25e280405/go.mod h1:Co6ibVJAznAaIkqp8huTwlJQCZ016jof/cbN4VW5Yz0=
gopkg.in/check.v1 v1.0.0-20180628173108-788fd7840127 h1:qIbj1fsPNlZgppZ+VLlY7N33q108Sa+fhmuc+sWQYwY=
gopkg.in/check.v1 v1.0.0-20180628173108-788fd7840127/go.mod h1:Co6ibVJAznAaIkqp8huTwlJQCZ016jof/cbN4VW5Yz0=
gopkg.in/yaml.v2 v2.2.2 h1:ZCJp+EgiOT7lHqUV2J862kp8Qj64Jo6az82+3Td9dZw=
gopkg.in/yaml.v2 v2.2.2/go.mod h1:hI93XBmqTisBFMUTm0b8Fm+jr3Dg1NNxqwp+5A1VGuI=
gopkg.in/yaml.v2 v2.2.4 h1:/eiJrUcujPVeJ3xlSWaiNi3uSVmDGBK1pDHUHAnao1I=
gopkg.in/yaml.v2 v2.2.4/go.mod h1:hI93XBmqTisBFMUTm0b8Fm+jr3Dg1NNxqwp+5A1VGuI=
